PODS:
  - AnyThinkiOS (6.4.92):
    - AnyThinkiOS/AnyThinkSDK (= 6.4.92)
  - AnyThinkiOS/AnyThinkSDK (6.4.92)
  - AppLovinSDK (13.4.0)
  - Masonry (1.1.0)

DEPENDENCIES:
  - AnyThinkiOS (= 6.4.92)
  - AppLovinSDK (= 13.4.0)
  - Masonry

SPEC REPOS:
  https://github.com/CocoaPods/Specs.git:
    - AnyThinkiOS
    - AppLovinSDK
    - Masonry

SPEC CHECKSUMS:
  AnyThinkiOS: d30b18b4e4ca97d7c9d797f9628215f7b714d4a6
  AppLovinSDK: 33fcc783889e2d522ae26886b31e5551246a5b2f
  Masonry: 678fab65091a9290e40e2832a55e7ab731aad201

PODFILE CHECKSUM: c1c3b8a8168a65053d67c9c0c8c0e57e1ca591cd

COCOAPODS: 1.16.2
