// !$*UTF8*$!
{
	archiveVersion = 1;
	classes = {
	};
	objectVersion = 55;
	objects = {

/* Begin PBXBuildFile section */
		CA3A6B542EBD9AFD002E1A80 /* AlexMaxBannerCustomEvent.m in Sources */ = {isa = PBXBuildFile; fileRef = CA3A6B222EBD9AFD002E1A80 /* AlexMaxBannerCustomEvent.m */; };
		CA3A6B552EBD9AFD002E1A80 /* AlexMaxRewardedVideoAdapter.m in Sources */ = {isa = PBXBuildFile; fileRef = CA3A6B472EBD9AFD002E1A80 /* AlexMaxRewardedVideoAdapter.m */; };
		CA3A6B562EBD9AFD002E1A80 /* AlexMaxNativeCustomEvent.m in Sources */ = {isa = PBXBuildFile; fileRef = CA3A6B422EBD9AFD002E1A80 /* AlexMaxNativeCustomEvent.m */; };
		CA3A6B572EBD9AFD002E1A80 /* AlexMaxBiddingRequest.m in Sources */ = {isa = PBXBuildFile; fileRef = CA3A6B252EBD9AFD002E1A80 /* AlexMaxBiddingRequest.m */; };
		CA3A6B582EBD9AFD002E1A80 /* AlexMaxInterstitialAdapter.m in Sources */ = {isa = PBXBuildFile; fileRef = CA3A6B312EBD9AFD002E1A80 /* AlexMaxInterstitialAdapter.m */; };
		CA3A6B592EBD9AFD002E1A80 /* AlexMaxRewardedVideoCustomEvent.m in Sources */ = {isa = PBXBuildFile; fileRef = CA3A6B492EBD9AFD002E1A80 /* AlexMaxRewardedVideoCustomEvent.m */; };
		CA3A6B5A2EBD9AFD002E1A80 /* AlexMAXNetworkC2STool.m in Sources */ = {isa = PBXBuildFile; fileRef = CA3A6B292EBD9AFD002E1A80 /* AlexMAXNetworkC2STool.m */; };
		CA3A6B5B2EBD9AFD002E1A80 /* AlexMaxNativeRenderer.m in Sources */ = {isa = PBXBuildFile; fileRef = CA3A6B442EBD9AFD002E1A80 /* AlexMaxNativeRenderer.m */; };
		CA3A6B5C2EBD9AFD002E1A80 /* AlexMaxMixAdParameterModel.m in Sources */ = {isa = PBXBuildFile; fileRef = CA3A6B3D2EBD9AFD002E1A80 /* AlexMaxMixAdParameterModel.m */; };
		CA3A6B5D2EBD9AFD002E1A80 /* AlexMaxBannerAdapter.m in Sources */ = {isa = PBXBuildFile; fileRef = CA3A6B202EBD9AFD002E1A80 /* AlexMaxBannerAdapter.m */; };
		CA3A6B5E2EBD9AFD002E1A80 /* AlexMaxNativeLoader.m in Sources */ = {isa = PBXBuildFile; fileRef = CA3A6B3A2EBD9AFD002E1A80 /* AlexMaxNativeLoader.m */; };
		CA3A6B5F2EBD9AFD002E1A80 /* AlexMaxSafeThreadArray.m in Sources */ = {isa = PBXBuildFile; fileRef = CA3A6B2E2EBD9AFD002E1A80 /* AlexMaxSafeThreadArray.m */; };
		CA3A6B602EBD9AFD002E1A80 /* AlexMaxInterstitialCustomEvent.m in Sources */ = {isa = PBXBuildFile; fileRef = CA3A6B332EBD9AFD002E1A80 /* AlexMaxInterstitialCustomEvent.m */; };
		CA3A6B612EBD9AFD002E1A80 /* AlexMaxSplashAdapter.m in Sources */ = {isa = PBXBuildFile; fileRef = CA3A6B4C2EBD9AFD002E1A80 /* AlexMaxSplashAdapter.m */; };
		CA3A6B622EBD9AFD002E1A80 /* AlexMaxBaseManager.m in Sources */ = {isa = PBXBuildFile; fileRef = CA3A6B2C2EBD9AFD002E1A80 /* AlexMaxBaseManager.m */; };
		CA3A6B632EBD9AFD002E1A80 /* AlexMaxNativeDelegate.m in Sources */ = {isa = PBXBuildFile; fileRef = CA3A6B382EBD9AFD002E1A80 /* AlexMaxNativeDelegate.m */; };
		CA3A6B642EBD9AFD002E1A80 /* AlexMaxC2SBiddingRequestManager.m in Sources */ = {isa = PBXBuildFile; fileRef = CA3A6B272EBD9AFD002E1A80 /* AlexMaxC2SBiddingRequestManager.m */; };
		CA3A6B652EBD9AFD002E1A80 /* AlexMaxSplashCustomEvent.m in Sources */ = {isa = PBXBuildFile; fileRef = CA3A6B4E2EBD9AFD002E1A80 /* AlexMaxSplashCustomEvent.m */; };
		CA3A6B662EBD9AFD002E1A80 /* AlexMaxTools.m in Sources */ = {isa = PBXBuildFile; fileRef = CA3A6B512EBD9AFD002E1A80 /* AlexMaxTools.m */; };
		CA3A6B672EBD9AFD002E1A80 /* AlexMaxNativeAdapter.m in Sources */ = {isa = PBXBuildFile; fileRef = CA3A6B402EBD9AFD002E1A80 /* AlexMaxNativeAdapter.m */; };
		CA3A6B682EBD9AFD002E1A80 /* AlexMaxBannerCustomEvent.m in Sources */ = {isa = PBXBuildFile; fileRef = CA3A6B222EBD9AFD002E1A80 /* AlexMaxBannerCustomEvent.m */; };
		CA3A6B692EBD9AFD002E1A80 /* AlexMaxRewardedVideoAdapter.m in Sources */ = {isa = PBXBuildFile; fileRef = CA3A6B472EBD9AFD002E1A80 /* AlexMaxRewardedVideoAdapter.m */; };
		CA3A6B6A2EBD9AFD002E1A80 /* AlexMaxNativeCustomEvent.m in Sources */ = {isa = PBXBuildFile; fileRef = CA3A6B422EBD9AFD002E1A80 /* AlexMaxNativeCustomEvent.m */; };
		CA3A6B6B2EBD9AFD002E1A80 /* AlexMaxBiddingRequest.m in Sources */ = {isa = PBXBuildFile; fileRef = CA3A6B252EBD9AFD002E1A80 /* AlexMaxBiddingRequest.m */; };
		CA3A6B6C2EBD9AFD002E1A80 /* AlexMaxInterstitialAdapter.m in Sources */ = {isa = PBXBuildFile; fileRef = CA3A6B312EBD9AFD002E1A80 /* AlexMaxInterstitialAdapter.m */; };
		CA3A6B6D2EBD9AFD002E1A80 /* AlexMaxRewardedVideoCustomEvent.m in Sources */ = {isa = PBXBuildFile; fileRef = CA3A6B492EBD9AFD002E1A80 /* AlexMaxRewardedVideoCustomEvent.m */; };
		CA3A6B6E2EBD9AFD002E1A80 /* AlexMAXNetworkC2STool.m in Sources */ = {isa = PBXBuildFile; fileRef = CA3A6B292EBD9AFD002E1A80 /* AlexMAXNetworkC2STool.m */; };
		CA3A6B6F2EBD9AFD002E1A80 /* AlexMaxNativeRenderer.m in Sources */ = {isa = PBXBuildFile; fileRef = CA3A6B442EBD9AFD002E1A80 /* AlexMaxNativeRenderer.m */; };
		CA3A6B702EBD9AFD002E1A80 /* AlexMaxMixAdParameterModel.m in Sources */ = {isa = PBXBuildFile; fileRef = CA3A6B3D2EBD9AFD002E1A80 /* AlexMaxMixAdParameterModel.m */; };
		CA3A6B712EBD9AFD002E1A80 /* AlexMaxBannerAdapter.m in Sources */ = {isa = PBXBuildFile; fileRef = CA3A6B202EBD9AFD002E1A80 /* AlexMaxBannerAdapter.m */; };
		CA3A6B722EBD9AFD002E1A80 /* AlexMaxNativeLoader.m in Sources */ = {isa = PBXBuildFile; fileRef = CA3A6B3A2EBD9AFD002E1A80 /* AlexMaxNativeLoader.m */; };
		CA3A6B732EBD9AFD002E1A80 /* AlexMaxSafeThreadArray.m in Sources */ = {isa = PBXBuildFile; fileRef = CA3A6B2E2EBD9AFD002E1A80 /* AlexMaxSafeThreadArray.m */; };
		CA3A6B742EBD9AFD002E1A80 /* AlexMaxInterstitialCustomEvent.m in Sources */ = {isa = PBXBuildFile; fileRef = CA3A6B332EBD9AFD002E1A80 /* AlexMaxInterstitialCustomEvent.m */; };
		CA3A6B752EBD9AFD002E1A80 /* AlexMaxSplashAdapter.m in Sources */ = {isa = PBXBuildFile; fileRef = CA3A6B4C2EBD9AFD002E1A80 /* AlexMaxSplashAdapter.m */; };
		CA3A6B762EBD9AFD002E1A80 /* AlexMaxBaseManager.m in Sources */ = {isa = PBXBuildFile; fileRef = CA3A6B2C2EBD9AFD002E1A80 /* AlexMaxBaseManager.m */; };
		CA3A6B772EBD9AFD002E1A80 /* AlexMaxNativeDelegate.m in Sources */ = {isa = PBXBuildFile; fileRef = CA3A6B382EBD9AFD002E1A80 /* AlexMaxNativeDelegate.m */; };
		CA3A6B782EBD9AFD002E1A80 /* AlexMaxC2SBiddingRequestManager.m in Sources */ = {isa = PBXBuildFile; fileRef = CA3A6B272EBD9AFD002E1A80 /* AlexMaxC2SBiddingRequestManager.m */; };
		CA3A6B792EBD9AFD002E1A80 /* AlexMaxSplashCustomEvent.m in Sources */ = {isa = PBXBuildFile; fileRef = CA3A6B4E2EBD9AFD002E1A80 /* AlexMaxSplashCustomEvent.m */; };
		CA3A6B7A2EBD9AFD002E1A80 /* AlexMaxTools.m in Sources */ = {isa = PBXBuildFile; fileRef = CA3A6B512EBD9AFD002E1A80 /* AlexMaxTools.m */; };
		CA3A6B7B2EBD9AFD002E1A80 /* AlexMaxNativeAdapter.m in Sources */ = {isa = PBXBuildFile; fileRef = CA3A6B402EBD9AFD002E1A80 /* AlexMaxNativeAdapter.m */; };
		CA3A6B7C2EBD9AFD002E1A80 /* AlexMaxCommendAdDelegate.h in Headers */ = {isa = PBXBuildFile; fileRef = CA3A6B352EBD9AFD002E1A80 /* AlexMaxCommendAdDelegate.h */; };
		CA3A6B7D2EBD9AFD002E1A80 /* AlexMaxRewardedVideoAdapter.h in Headers */ = {isa = PBXBuildFile; fileRef = CA3A6B462EBD9AFD002E1A80 /* AlexMaxRewardedVideoAdapter.h */; };
		CA3A6B7E2EBD9AFD002E1A80 /* AlexMaxSafeThreadArray.h in Headers */ = {isa = PBXBuildFile; fileRef = CA3A6B2D2EBD9AFD002E1A80 /* AlexMaxSafeThreadArray.h */; };
		CA3A6B7F2EBD9AFD002E1A80 /* AlexMaxNativeLoader.h in Headers */ = {isa = PBXBuildFile; fileRef = CA3A6B392EBD9AFD002E1A80 /* AlexMaxNativeLoader.h */; };
		CA3A6B802EBD9AFD002E1A80 /* AlexMaxNativeRenderer.h in Headers */ = {isa = PBXBuildFile; fileRef = CA3A6B432EBD9AFD002E1A80 /* AlexMaxNativeRenderer.h */; };
		CA3A6B812EBD9AFD002E1A80 /* AlexMaxBiddingRequest.h in Headers */ = {isa = PBXBuildFile; fileRef = CA3A6B242EBD9AFD002E1A80 /* AlexMaxBiddingRequest.h */; };
		CA3A6B822EBD9AFD002E1A80 /* AlexMaxBaseManager.h in Headers */ = {isa = PBXBuildFile; fileRef = CA3A6B2B2EBD9AFD002E1A80 /* AlexMaxBaseManager.h */; };
		CA3A6B832EBD9AFD002E1A80 /* AlexMaxInterstitialAdapter.h in Headers */ = {isa = PBXBuildFile; fileRef = CA3A6B302EBD9AFD002E1A80 /* AlexMaxInterstitialAdapter.h */; };
		CA3A6B842EBD9AFD002E1A80 /* AlexMaxNativeAdapter.h in Headers */ = {isa = PBXBuildFile; fileRef = CA3A6B3F2EBD9AFD002E1A80 /* AlexMaxNativeAdapter.h */; };
		CA3A6B852EBD9AFD002E1A80 /* AlexMAXNetworkC2STool.h in Headers */ = {isa = PBXBuildFile; fileRef = CA3A6B282EBD9AFD002E1A80 /* AlexMAXNetworkC2STool.h */; };
		CA3A6B862EBD9AFD002E1A80 /* AlexMaxBannerAdapter.h in Headers */ = {isa = PBXBuildFile; fileRef = CA3A6B1F2EBD9AFD002E1A80 /* AlexMaxBannerAdapter.h */; };
		CA3A6B872EBD9AFD002E1A80 /* AlexMaxNativeCustomEvent.h in Headers */ = {isa = PBXBuildFile; fileRef = CA3A6B412EBD9AFD002E1A80 /* AlexMaxNativeCustomEvent.h */; };
		CA3A6B882EBD9AFD002E1A80 /* AlexMaxNativeDelegate.h in Headers */ = {isa = PBXBuildFile; fileRef = CA3A6B372EBD9AFD002E1A80 /* AlexMaxNativeDelegate.h */; };
		CA3A6B892EBD9AFD002E1A80 /* AlexMaxC2SBiddingRequestManager.h in Headers */ = {isa = PBXBuildFile; fileRef = CA3A6B262EBD9AFD002E1A80 /* AlexMaxC2SBiddingRequestManager.h */; };
		CA3A6B8A2EBD9AFD002E1A80 /* AlexMaxTools.h in Headers */ = {isa = PBXBuildFile; fileRef = CA3A6B502EBD9AFD002E1A80 /* AlexMaxTools.h */; };
		CA3A6B8B2EBD9AFD002E1A80 /* AlexMaxSplashCustomEvent.h in Headers */ = {isa = PBXBuildFile; fileRef = CA3A6B4D2EBD9AFD002E1A80 /* AlexMaxSplashCustomEvent.h */; };
		CA3A6B8C2EBD9AFD002E1A80 /* AlexMaxSplashAdapter.h in Headers */ = {isa = PBXBuildFile; fileRef = CA3A6B4B2EBD9AFD002E1A80 /* AlexMaxSplashAdapter.h */; };
		CA3A6B8D2EBD9AFD002E1A80 /* AlexMaxInterstitialCustomEvent.h in Headers */ = {isa = PBXBuildFile; fileRef = CA3A6B322EBD9AFD002E1A80 /* AlexMaxInterstitialCustomEvent.h */; };
		CA3A6B8E2EBD9AFD002E1A80 /* AlexMaxMixAdParameterModel.h in Headers */ = {isa = PBXBuildFile; fileRef = CA3A6B3C2EBD9AFD002E1A80 /* AlexMaxMixAdParameterModel.h */; };
		CA3A6B8F2EBD9AFD002E1A80 /* AlexMaxRewardedVideoCustomEvent.h in Headers */ = {isa = PBXBuildFile; fileRef = CA3A6B482EBD9AFD002E1A80 /* AlexMaxRewardedVideoCustomEvent.h */; };
		CA3A6B902EBD9AFD002E1A80 /* AlexMaxBannerCustomEvent.h in Headers */ = {isa = PBXBuildFile; fileRef = CA3A6B212EBD9AFD002E1A80 /* AlexMaxBannerCustomEvent.h */; };
		E0D1A9F4298A0457008BAFBD /* AppDelegate.m in Sources */ = {isa = PBXBuildFile; fileRef = E0D1A9F3298A0457008BAFBD /* AppDelegate.m */; };
		E0D1A9F7298A0457008BAFBD /* SceneDelegate.m in Sources */ = {isa = PBXBuildFile; fileRef = E0D1A9F6298A0457008BAFBD /* SceneDelegate.m */; };
		E0D1A9FA298A0457008BAFBD /* ViewController.m in Sources */ = {isa = PBXBuildFile; fileRef = E0D1A9F9298A0457008BAFBD /* ViewController.m */; };
		E0D1A9FD298A0457008BAFBD /* Main.storyboard in Resources */ = {isa = PBXBuildFile; fileRef = E0D1A9FB298A0457008BAFBD /* Main.storyboard */; };
		E0D1A9FF298A045B008BAFBD /* Assets.xcassets in Resources */ = {isa = PBXBuildFile; fileRef = E0D1A9FE298A045B008BAFBD /* Assets.xcassets */; };
		E0D1AA02298A045B008BAFBD /* LaunchScreen.storyboard in Resources */ = {isa = PBXBuildFile; fileRef = E0D1AA00298A045B008BAFBD /* LaunchScreen.storyboard */; };
		E0D1AA05298A045B008BAFBD /* main.m in Sources */ = {isa = PBXBuildFile; fileRef = E0D1AA04298A045B008BAFBD /* main.m */; };
		E0D1AA13298A0A74008BAFBD /* MaxSDKAdapter.h in Headers */ = {isa = PBXBuildFile; fileRef = E0D1AA12298A0A74008BAFBD /* MaxSDKAdapter.h */; settings = {ATTRIBUTES = (Public, ); }; };
/* End PBXBuildFile section */

/* Begin PBXContainerItemProxy section */
		CA068C6C2CEDC54A0002E71E /* PBXContainerItemProxy */ = {
			isa = PBXContainerItemProxy;
			containerPortal = E0D1A9E7298A0457008BAFBD /* Project object */;
			proxyType = 1;
			remoteGlobalIDString = E0D1AA0F298A0A74008BAFBD;
			remoteInfo = MaxSDKAdapter;
		};
/* End PBXContainerItemProxy section */

/* Begin PBXFileReference section */
		CA3A6B1F2EBD9AFD002E1A80 /* AlexMaxBannerAdapter.h */ = {isa = PBXFileReference; lastKnownFileType = sourcecode.c.h; path = AlexMaxBannerAdapter.h; sourceTree = "<group>"; };
		CA3A6B202EBD9AFD002E1A80 /* AlexMaxBannerAdapter.m */ = {isa = PBXFileReference; lastKnownFileType = sourcecode.c.objc; path = AlexMaxBannerAdapter.m; sourceTree = "<group>"; };
		CA3A6B212EBD9AFD002E1A80 /* AlexMaxBannerCustomEvent.h */ = {isa = PBXFileReference; lastKnownFileType = sourcecode.c.h; path = AlexMaxBannerCustomEvent.h; sourceTree = "<group>"; };
		CA3A6B222EBD9AFD002E1A80 /* AlexMaxBannerCustomEvent.m */ = {isa = PBXFileReference; lastKnownFileType = sourcecode.c.objc; path = AlexMaxBannerCustomEvent.m; sourceTree = "<group>"; };
		CA3A6B242EBD9AFD002E1A80 /* AlexMaxBiddingRequest.h */ = {isa = PBXFileReference; lastKnownFileType = sourcecode.c.h; path = AlexMaxBiddingRequest.h; sourceTree = "<group>"; };
		CA3A6B252EBD9AFD002E1A80 /* AlexMaxBiddingRequest.m */ = {isa = PBXFileReference; lastKnownFileType = sourcecode.c.objc; path = AlexMaxBiddingRequest.m; sourceTree = "<group>"; };
		CA3A6B262EBD9AFD002E1A80 /* AlexMaxC2SBiddingRequestManager.h */ = {isa = PBXFileReference; lastKnownFileType = sourcecode.c.h; path = AlexMaxC2SBiddingRequestManager.h; sourceTree = "<group>"; };
		CA3A6B272EBD9AFD002E1A80 /* AlexMaxC2SBiddingRequestManager.m */ = {isa = PBXFileReference; lastKnownFileType = sourcecode.c.objc; path = AlexMaxC2SBiddingRequestManager.m; sourceTree = "<group>"; };
		CA3A6B282EBD9AFD002E1A80 /* AlexMAXNetworkC2STool.h */ = {isa = PBXFileReference; lastKnownFileType = sourcecode.c.h; path = AlexMAXNetworkC2STool.h; sourceTree = "<group>"; };
		CA3A6B292EBD9AFD002E1A80 /* AlexMAXNetworkC2STool.m */ = {isa = PBXFileReference; lastKnownFileType = sourcecode.c.objc; path = AlexMAXNetworkC2STool.m; sourceTree = "<group>"; };
		CA3A6B2B2EBD9AFD002E1A80 /* AlexMaxBaseManager.h */ = {isa = PBXFileReference; lastKnownFileType = sourcecode.c.h; path = AlexMaxBaseManager.h; sourceTree = "<group>"; };
		CA3A6B2C2EBD9AFD002E1A80 /* AlexMaxBaseManager.m */ = {isa = PBXFileReference; lastKnownFileType = sourcecode.c.objc; path = AlexMaxBaseManager.m; sourceTree = "<group>"; };
		CA3A6B2D2EBD9AFD002E1A80 /* AlexMaxSafeThreadArray.h */ = {isa = PBXFileReference; lastKnownFileType = sourcecode.c.h; path = AlexMaxSafeThreadArray.h; sourceTree = "<group>"; };
		CA3A6B2E2EBD9AFD002E1A80 /* AlexMaxSafeThreadArray.m */ = {isa = PBXFileReference; lastKnownFileType = sourcecode.c.objc; path = AlexMaxSafeThreadArray.m; sourceTree = "<group>"; };
		CA3A6B302EBD9AFD002E1A80 /* AlexMaxInterstitialAdapter.h */ = {isa = PBXFileReference; lastKnownFileType = sourcecode.c.h; path = AlexMaxInterstitialAdapter.h; sourceTree = "<group>"; };
		CA3A6B312EBD9AFD002E1A80 /* AlexMaxInterstitialAdapter.m */ = {isa = PBXFileReference; lastKnownFileType = sourcecode.c.objc; path = AlexMaxInterstitialAdapter.m; sourceTree = "<group>"; };
		CA3A6B322EBD9AFD002E1A80 /* AlexMaxInterstitialCustomEvent.h */ = {isa = PBXFileReference; lastKnownFileType = sourcecode.c.h; path = AlexMaxInterstitialCustomEvent.h; sourceTree = "<group>"; };
		CA3A6B332EBD9AFD002E1A80 /* AlexMaxInterstitialCustomEvent.m */ = {isa = PBXFileReference; lastKnownFileType = sourcecode.c.objc; path = AlexMaxInterstitialCustomEvent.m; sourceTree = "<group>"; };
		CA3A6B352EBD9AFD002E1A80 /* AlexMaxCommendAdDelegate.h */ = {isa = PBXFileReference; lastKnownFileType = sourcecode.c.h; path = AlexMaxCommendAdDelegate.h; sourceTree = "<group>"; };
		CA3A6B372EBD9AFD002E1A80 /* AlexMaxNativeDelegate.h */ = {isa = PBXFileReference; lastKnownFileType = sourcecode.c.h; path = AlexMaxNativeDelegate.h; sourceTree = "<group>"; };
		CA3A6B382EBD9AFD002E1A80 /* AlexMaxNativeDelegate.m */ = {isa = PBXFileReference; lastKnownFileType = sourcecode.c.objc; path = AlexMaxNativeDelegate.m; sourceTree = "<group>"; };
		CA3A6B392EBD9AFD002E1A80 /* AlexMaxNativeLoader.h */ = {isa = PBXFileReference; lastKnownFileType = sourcecode.c.h; path = AlexMaxNativeLoader.h; sourceTree = "<group>"; };
		CA3A6B3A2EBD9AFD002E1A80 /* AlexMaxNativeLoader.m */ = {isa = PBXFileReference; lastKnownFileType = sourcecode.c.objc; path = AlexMaxNativeLoader.m; sourceTree = "<group>"; };
		CA3A6B3C2EBD9AFD002E1A80 /* AlexMaxMixAdParameterModel.h */ = {isa = PBXFileReference; lastKnownFileType = sourcecode.c.h; path = AlexMaxMixAdParameterModel.h; sourceTree = "<group>"; };
		CA3A6B3D2EBD9AFD002E1A80 /* AlexMaxMixAdParameterModel.m */ = {isa = PBXFileReference; lastKnownFileType = sourcecode.c.objc; path = AlexMaxMixAdParameterModel.m; sourceTree = "<group>"; };
		CA3A6B3F2EBD9AFD002E1A80 /* AlexMaxNativeAdapter.h */ = {isa = PBXFileReference; lastKnownFileType = sourcecode.c.h; path = AlexMaxNativeAdapter.h; sourceTree = "<group>"; };
		CA3A6B402EBD9AFD002E1A80 /* AlexMaxNativeAdapter.m */ = {isa = PBXFileReference; lastKnownFileType = sourcecode.c.objc; path = AlexMaxNativeAdapter.m; sourceTree = "<group>"; };
		CA3A6B412EBD9AFD002E1A80 /* AlexMaxNativeCustomEvent.h */ = {isa = PBXFileReference; lastKnownFileType = sourcecode.c.h; path = AlexMaxNativeCustomEvent.h; sourceTree = "<group>"; };
		CA3A6B422EBD9AFD002E1A80 /* AlexMaxNativeCustomEvent.m */ = {isa = PBXFileReference; lastKnownFileType = sourcecode.c.objc; path = AlexMaxNativeCustomEvent.m; sourceTree = "<group>"; };
		CA3A6B432EBD9AFD002E1A80 /* AlexMaxNativeRenderer.h */ = {isa = PBXFileReference; lastKnownFileType = sourcecode.c.h; path = AlexMaxNativeRenderer.h; sourceTree = "<group>"; };
		CA3A6B442EBD9AFD002E1A80 /* AlexMaxNativeRenderer.m */ = {isa = PBXFileReference; lastKnownFileType = sourcecode.c.objc; path = AlexMaxNativeRenderer.m; sourceTree = "<group>"; };
		CA3A6B462EBD9AFD002E1A80 /* AlexMaxRewardedVideoAdapter.h */ = {isa = PBXFileReference; lastKnownFileType = sourcecode.c.h; path = AlexMaxRewardedVideoAdapter.h; sourceTree = "<group>"; };
		CA3A6B472EBD9AFD002E1A80 /* AlexMaxRewardedVideoAdapter.m */ = {isa = PBXFileReference; lastKnownFileType = sourcecode.c.objc; path = AlexMaxRewardedVideoAdapter.m; sourceTree = "<group>"; };
		CA3A6B482EBD9AFD002E1A80 /* AlexMaxRewardedVideoCustomEvent.h */ = {isa = PBXFileReference; lastKnownFileType = sourcecode.c.h; path = AlexMaxRewardedVideoCustomEvent.h; sourceTree = "<group>"; };
		CA3A6B492EBD9AFD002E1A80 /* AlexMaxRewardedVideoCustomEvent.m */ = {isa = PBXFileReference; lastKnownFileType = sourcecode.c.objc; path = AlexMaxRewardedVideoCustomEvent.m; sourceTree = "<group>"; };
		CA3A6B4B2EBD9AFD002E1A80 /* AlexMaxSplashAdapter.h */ = {isa = PBXFileReference; lastKnownFileType = sourcecode.c.h; path = AlexMaxSplashAdapter.h; sourceTree = "<group>"; };
		CA3A6B4C2EBD9AFD002E1A80 /* AlexMaxSplashAdapter.m */ = {isa = PBXFileReference; lastKnownFileType = sourcecode.c.objc; path = AlexMaxSplashAdapter.m; sourceTree = "<group>"; };
		CA3A6B4D2EBD9AFD002E1A80 /* AlexMaxSplashCustomEvent.h */ = {isa = PBXFileReference; lastKnownFileType = sourcecode.c.h; path = AlexMaxSplashCustomEvent.h; sourceTree = "<group>"; };
		CA3A6B4E2EBD9AFD002E1A80 /* AlexMaxSplashCustomEvent.m */ = {isa = PBXFileReference; lastKnownFileType = sourcecode.c.objc; path = AlexMaxSplashCustomEvent.m; sourceTree = "<group>"; };
		CA3A6B502EBD9AFD002E1A80 /* AlexMaxTools.h */ = {isa = PBXFileReference; lastKnownFileType = sourcecode.c.h; path = AlexMaxTools.h; sourceTree = "<group>"; };
		CA3A6B512EBD9AFD002E1A80 /* AlexMaxTools.m */ = {isa = PBXFileReference; lastKnownFileType = sourcecode.c.objc; path = AlexMaxTools.m; sourceTree = "<group>"; };
		E0D1A9EF298A0457008BAFBD /* MaxCustomSDK.app */ = {isa = PBXFileReference; explicitFileType = wrapper.application; includeInIndex = 0; path = MaxCustomSDK.app; sourceTree = BUILT_PRODUCTS_DIR; };
		E0D1A9F2298A0457008BAFBD /* AppDelegate.h */ = {isa = PBXFileReference; lastKnownFileType = sourcecode.c.h; path = AppDelegate.h; sourceTree = "<group>"; };
		E0D1A9F3298A0457008BAFBD /* AppDelegate.m */ = {isa = PBXFileReference; lastKnownFileType = sourcecode.c.objc; path = AppDelegate.m; sourceTree = "<group>"; };
		E0D1A9F5298A0457008BAFBD /* SceneDelegate.h */ = {isa = PBXFileReference; lastKnownFileType = sourcecode.c.h; path = SceneDelegate.h; sourceTree = "<group>"; };
		E0D1A9F6298A0457008BAFBD /* SceneDelegate.m */ = {isa = PBXFileReference; lastKnownFileType = sourcecode.c.objc; path = SceneDelegate.m; sourceTree = "<group>"; };
		E0D1A9F8298A0457008BAFBD /* ViewController.h */ = {isa = PBXFileReference; lastKnownFileType = sourcecode.c.h; path = ViewController.h; sourceTree = "<group>"; };
		E0D1A9F9298A0457008BAFBD /* ViewController.m */ = {isa = PBXFileReference; lastKnownFileType = sourcecode.c.objc; path = ViewController.m; sourceTree = "<group>"; };
		E0D1A9FC298A0457008BAFBD /* Base */ = {isa = PBXFileReference; lastKnownFileType = file.storyboard; name = Base; path = Base.lproj/Main.storyboard; sourceTree = "<group>"; };
		E0D1A9FE298A045B008BAFBD /* Assets.xcassets */ = {isa = PBXFileReference; lastKnownFileType = folder.assetcatalog; path = Assets.xcassets; sourceTree = "<group>"; };
		E0D1AA01298A045B008BAFBD /* Base */ = {isa = PBXFileReference; lastKnownFileType = file.storyboard; name = Base; path = Base.lproj/LaunchScreen.storyboard; sourceTree = "<group>"; };
		E0D1AA03298A045B008BAFBD /* Info.plist */ = {isa = PBXFileReference; lastKnownFileType = text.plist.xml; path = Info.plist; sourceTree = "<group>"; };
		E0D1AA04298A045B008BAFBD /* main.m */ = {isa = PBXFileReference; lastKnownFileType = sourcecode.c.objc; path = main.m; sourceTree = "<group>"; };
		E0D1AA10298A0A74008BAFBD /* MaxSDKAdapter.framework */ = {isa = PBXFileReference; explicitFileType = wrapper.framework; includeInIndex = 0; path = MaxSDKAdapter.framework; sourceTree = BUILT_PRODUCTS_DIR; };
		E0D1AA12298A0A74008BAFBD /* MaxSDKAdapter.h */ = {isa = PBXFileReference; lastKnownFileType = sourcecode.c.h; path = MaxSDKAdapter.h; sourceTree = "<group>"; };
/* End PBXFileReference section */

/* Begin PBXFrameworksBuildPhase section */
		E0D1A9EC298A0457008BAFBD /* Frameworks */ = {
			isa = PBXFrameworksBuildPhase;
			buildActionMask = 2147483647;
			files = (
			);
			runOnlyForDeploymentPostprocessing = 0;
		};
		E0D1AA0D298A0A74008BAFBD /* Frameworks */ = {
			isa = PBXFrameworksBuildPhase;
			buildActionMask = 2147483647;
			files = (
			);
			runOnlyForDeploymentPostprocessing = 0;
		};
/* End PBXFrameworksBuildPhase section */

/* Begin PBXGroup section */
		17D7D1B73EEF9AFB75C3AA85 /* Pods */ = {
			isa = PBXGroup;
			children = (
			);
			path = Pods;
			sourceTree = "<group>";
		};
		CA3A6B232EBD9AFD002E1A80 /* Banner */ = {
			isa = PBXGroup;
			children = (
				CA3A6B1F2EBD9AFD002E1A80 /* AlexMaxBannerAdapter.h */,
				CA3A6B202EBD9AFD002E1A80 /* AlexMaxBannerAdapter.m */,
				CA3A6B212EBD9AFD002E1A80 /* AlexMaxBannerCustomEvent.h */,
				CA3A6B222EBD9AFD002E1A80 /* AlexMaxBannerCustomEvent.m */,
			);
			path = Banner;
			sourceTree = "<group>";
		};
		CA3A6B2A2EBD9AFD002E1A80 /* C2S */ = {
			isa = PBXGroup;
			children = (
				CA3A6B242EBD9AFD002E1A80 /* AlexMaxBiddingRequest.h */,
				CA3A6B252EBD9AFD002E1A80 /* AlexMaxBiddingRequest.m */,
				CA3A6B262EBD9AFD002E1A80 /* AlexMaxC2SBiddingRequestManager.h */,
				CA3A6B272EBD9AFD002E1A80 /* AlexMaxC2SBiddingRequestManager.m */,
				CA3A6B282EBD9AFD002E1A80 /* AlexMAXNetworkC2STool.h */,
				CA3A6B292EBD9AFD002E1A80 /* AlexMAXNetworkC2STool.m */,
			);
			path = C2S;
			sourceTree = "<group>";
		};
		CA3A6B2F2EBD9AFD002E1A80 /* Base */ = {
			isa = PBXGroup;
			children = (
				CA3A6B2A2EBD9AFD002E1A80 /* C2S */,
				CA3A6B2B2EBD9AFD002E1A80 /* AlexMaxBaseManager.h */,
				CA3A6B2C2EBD9AFD002E1A80 /* AlexMaxBaseManager.m */,
				CA3A6B2D2EBD9AFD002E1A80 /* AlexMaxSafeThreadArray.h */,
				CA3A6B2E2EBD9AFD002E1A80 /* AlexMaxSafeThreadArray.m */,
			);
			path = Base;
			sourceTree = "<group>";
		};
		CA3A6B342EBD9AFD002E1A80 /* Interstitial */ = {
			isa = PBXGroup;
			children = (
				CA3A6B302EBD9AFD002E1A80 /* AlexMaxInterstitialAdapter.h */,
				CA3A6B312EBD9AFD002E1A80 /* AlexMaxInterstitialAdapter.m */,
				CA3A6B322EBD9AFD002E1A80 /* AlexMaxInterstitialCustomEvent.h */,
				CA3A6B332EBD9AFD002E1A80 /* AlexMaxInterstitialCustomEvent.m */,
			);
			path = Interstitial;
			sourceTree = "<group>";
		};
		CA3A6B362EBD9AFD002E1A80 /* Delegate */ = {
			isa = PBXGroup;
			children = (
				CA3A6B352EBD9AFD002E1A80 /* AlexMaxCommendAdDelegate.h */,
			);
			path = Delegate;
			sourceTree = "<group>";
		};
		CA3A6B3B2EBD9AFD002E1A80 /* Loader */ = {
			isa = PBXGroup;
			children = (
				CA3A6B372EBD9AFD002E1A80 /* AlexMaxNativeDelegate.h */,
				CA3A6B382EBD9AFD002E1A80 /* AlexMaxNativeDelegate.m */,
				CA3A6B392EBD9AFD002E1A80 /* AlexMaxNativeLoader.h */,
				CA3A6B3A2EBD9AFD002E1A80 /* AlexMaxNativeLoader.m */,
			);
			path = Loader;
			sourceTree = "<group>";
		};
		CA3A6B3E2EBD9AFD002E1A80 /* Mix */ = {
			isa = PBXGroup;
			children = (
				CA3A6B3C2EBD9AFD002E1A80 /* AlexMaxMixAdParameterModel.h */,
				CA3A6B3D2EBD9AFD002E1A80 /* AlexMaxMixAdParameterModel.m */,
			);
			path = Mix;
			sourceTree = "<group>";
		};
		CA3A6B452EBD9AFD002E1A80 /* Native */ = {
			isa = PBXGroup;
			children = (
				CA3A6B362EBD9AFD002E1A80 /* Delegate */,
				CA3A6B3B2EBD9AFD002E1A80 /* Loader */,
				CA3A6B3E2EBD9AFD002E1A80 /* Mix */,
				CA3A6B3F2EBD9AFD002E1A80 /* AlexMaxNativeAdapter.h */,
				CA3A6B402EBD9AFD002E1A80 /* AlexMaxNativeAdapter.m */,
				CA3A6B412EBD9AFD002E1A80 /* AlexMaxNativeCustomEvent.h */,
				CA3A6B422EBD9AFD002E1A80 /* AlexMaxNativeCustomEvent.m */,
				CA3A6B432EBD9AFD002E1A80 /* AlexMaxNativeRenderer.h */,
				CA3A6B442EBD9AFD002E1A80 /* AlexMaxNativeRenderer.m */,
			);
			path = Native;
			sourceTree = "<group>";
		};
		CA3A6B4A2EBD9AFD002E1A80 /* RewardedVideo */ = {
			isa = PBXGroup;
			children = (
				CA3A6B462EBD9AFD002E1A80 /* AlexMaxRewardedVideoAdapter.h */,
				CA3A6B472EBD9AFD002E1A80 /* AlexMaxRewardedVideoAdapter.m */,
				CA3A6B482EBD9AFD002E1A80 /* AlexMaxRewardedVideoCustomEvent.h */,
				CA3A6B492EBD9AFD002E1A80 /* AlexMaxRewardedVideoCustomEvent.m */,
			);
			path = RewardedVideo;
			sourceTree = "<group>";
		};
		CA3A6B4F2EBD9AFD002E1A80 /* Splash */ = {
			isa = PBXGroup;
			children = (
				CA3A6B4B2EBD9AFD002E1A80 /* AlexMaxSplashAdapter.h */,
				CA3A6B4C2EBD9AFD002E1A80 /* AlexMaxSplashAdapter.m */,
				CA3A6B4D2EBD9AFD002E1A80 /* AlexMaxSplashCustomEvent.h */,
				CA3A6B4E2EBD9AFD002E1A80 /* AlexMaxSplashCustomEvent.m */,
			);
			path = Splash;
			sourceTree = "<group>";
		};
		CA3A6B522EBD9AFD002E1A80 /* Tools */ = {
			isa = PBXGroup;
			children = (
				CA3A6B502EBD9AFD002E1A80 /* AlexMaxTools.h */,
				CA3A6B512EBD9AFD002E1A80 /* AlexMaxTools.m */,
			);
			path = Tools;
			sourceTree = "<group>";
		};
		CA3A6B532EBD9AFD002E1A80 /* AlexMaxAdapter */ = {
			isa = PBXGroup;
			children = (
				CA3A6B232EBD9AFD002E1A80 /* Banner */,
				CA3A6B2F2EBD9AFD002E1A80 /* Base */,
				CA3A6B342EBD9AFD002E1A80 /* Interstitial */,
				CA3A6B452EBD9AFD002E1A80 /* Native */,
				CA3A6B4A2EBD9AFD002E1A80 /* RewardedVideo */,
				CA3A6B4F2EBD9AFD002E1A80 /* Splash */,
				CA3A6B522EBD9AFD002E1A80 /* Tools */,
			);
			path = AlexMaxAdapter;
			sourceTree = "<group>";
		};
		E0D1A9E6298A0456008BAFBD = {
			isa = PBXGroup;
			children = (
				E0D1A9F1298A0457008BAFBD /* MaxCustomSDK */,
				E0D1AA11298A0A74008BAFBD /* MaxSDKAdapter */,
				E0D1A9F0298A0457008BAFBD /* Products */,
				17D7D1B73EEF9AFB75C3AA85 /* Pods */,
			);
			sourceTree = "<group>";
		};
		E0D1A9F0298A0457008BAFBD /* Products */ = {
			isa = PBXGroup;
			children = (
				E0D1A9EF298A0457008BAFBD /* MaxCustomSDK.app */,
				E0D1AA10298A0A74008BAFBD /* MaxSDKAdapter.framework */,
			);
			name = Products;
			sourceTree = "<group>";
		};
		E0D1A9F1298A0457008BAFBD /* MaxCustomSDK */ = {
			isa = PBXGroup;
			children = (
				CA3A6B532EBD9AFD002E1A80 /* AlexMaxAdapter */,
				E0D1A9F2298A0457008BAFBD /* AppDelegate.h */,
				E0D1A9F3298A0457008BAFBD /* AppDelegate.m */,
				E0D1A9F5298A0457008BAFBD /* SceneDelegate.h */,
				E0D1A9F6298A0457008BAFBD /* SceneDelegate.m */,
				E0D1A9F8298A0457008BAFBD /* ViewController.h */,
				E0D1A9F9298A0457008BAFBD /* ViewController.m */,
				E0D1A9FB298A0457008BAFBD /* Main.storyboard */,
				E0D1A9FE298A045B008BAFBD /* Assets.xcassets */,
				E0D1AA00298A045B008BAFBD /* LaunchScreen.storyboard */,
				E0D1AA03298A045B008BAFBD /* Info.plist */,
				E0D1AA04298A045B008BAFBD /* main.m */,
			);
			path = MaxCustomSDK;
			sourceTree = "<group>";
		};
		E0D1AA11298A0A74008BAFBD /* MaxSDKAdapter */ = {
			isa = PBXGroup;
			children = (
				E0D1AA12298A0A74008BAFBD /* MaxSDKAdapter.h */,
			);
			path = MaxSDKAdapter;
			sourceTree = "<group>";
		};
/* End PBXGroup section */

/* Begin PBXHeadersBuildPhase section */
		E0D1AA0B298A0A74008BAFBD /* Headers */ = {
			isa = PBXHeadersBuildPhase;
			buildActionMask = 2147483647;
			files = (
				E0D1AA13298A0A74008BAFBD /* MaxSDKAdapter.h in Headers */,
				CA3A6B7C2EBD9AFD002E1A80 /* AlexMaxCommendAdDelegate.h in Headers */,
				CA3A6B7D2EBD9AFD002E1A80 /* AlexMaxRewardedVideoAdapter.h in Headers */,
				CA3A6B7E2EBD9AFD002E1A80 /* AlexMaxSafeThreadArray.h in Headers */,
				CA3A6B7F2EBD9AFD002E1A80 /* AlexMaxNativeLoader.h in Headers */,
				CA3A6B802EBD9AFD002E1A80 /* AlexMaxNativeRenderer.h in Headers */,
				CA3A6B812EBD9AFD002E1A80 /* AlexMaxBiddingRequest.h in Headers */,
				CA3A6B822EBD9AFD002E1A80 /* AlexMaxBaseManager.h in Headers */,
				CA3A6B832EBD9AFD002E1A80 /* AlexMaxInterstitialAdapter.h in Headers */,
				CA3A6B842EBD9AFD002E1A80 /* AlexMaxNativeAdapter.h in Headers */,
				CA3A6B852EBD9AFD002E1A80 /* AlexMAXNetworkC2STool.h in Headers */,
				CA3A6B862EBD9AFD002E1A80 /* AlexMaxBannerAdapter.h in Headers */,
				CA3A6B872EBD9AFD002E1A80 /* AlexMaxNativeCustomEvent.h in Headers */,
				CA3A6B882EBD9AFD002E1A80 /* AlexMaxNativeDelegate.h in Headers */,
				CA3A6B892EBD9AFD002E1A80 /* AlexMaxC2SBiddingRequestManager.h in Headers */,
				CA3A6B8A2EBD9AFD002E1A80 /* AlexMaxTools.h in Headers */,
				CA3A6B8B2EBD9AFD002E1A80 /* AlexMaxSplashCustomEvent.h in Headers */,
				CA3A6B8C2EBD9AFD002E1A80 /* AlexMaxSplashAdapter.h in Headers */,
				CA3A6B8D2EBD9AFD002E1A80 /* AlexMaxInterstitialCustomEvent.h in Headers */,
				CA3A6B8E2EBD9AFD002E1A80 /* AlexMaxMixAdParameterModel.h in Headers */,
				CA3A6B8F2EBD9AFD002E1A80 /* AlexMaxRewardedVideoCustomEvent.h in Headers */,
				CA3A6B902EBD9AFD002E1A80 /* AlexMaxBannerCustomEvent.h in Headers */,
			);
			runOnlyForDeploymentPostprocessing = 0;
		};
/* End PBXHeadersBuildPhase section */

/* Begin PBXNativeTarget section */
		E0D1A9EE298A0457008BAFBD /* MaxCustomSDK */ = {
			isa = PBXNativeTarget;
			buildConfigurationList = E0D1AA08298A045B008BAFBD /* Build configuration list for PBXNativeTarget "MaxCustomSDK" */;
			buildPhases = (
				E0D1A9EB298A0457008BAFBD /* Sources */,
				E0D1A9EC298A0457008BAFBD /* Frameworks */,
				E0D1A9ED298A0457008BAFBD /* Resources */,
			);
			buildRules = (
			);
			dependencies = (
				CA068C6D2CEDC54A0002E71E /* PBXTargetDependency */,
			);
			name = MaxCustomSDK;
			productName = MaxCustomSDK;
			productReference = E0D1A9EF298A0457008BAFBD /* MaxCustomSDK.app */;
			productType = "com.apple.product-type.application";
		};
		E0D1AA0F298A0A74008BAFBD /* MaxSDKAdapter */ = {
			isa = PBXNativeTarget;
			buildConfigurationList = E0D1AA18298A0A74008BAFBD /* Build configuration list for PBXNativeTarget "MaxSDKAdapter" */;
			buildPhases = (
				E0D1AA0B298A0A74008BAFBD /* Headers */,
				E0D1AA0C298A0A74008BAFBD /* Sources */,
				E0D1AA0D298A0A74008BAFBD /* Frameworks */,
				E0D1AA0E298A0A74008BAFBD /* Resources */,
			);
			buildRules = (
			);
			dependencies = (
			);
			name = MaxSDKAdapter;
			productName = MaxSDKAdapter;
			productReference = E0D1AA10298A0A74008BAFBD /* MaxSDKAdapter.framework */;
			productType = "com.apple.product-type.framework";
		};
/* End PBXNativeTarget section */

/* Begin PBXProject section */
		E0D1A9E7298A0457008BAFBD /* Project object */ = {
			isa = PBXProject;
			attributes = {
				BuildIndependentTargetsInParallel = 1;
				LastUpgradeCheck = 1420;
				TargetAttributes = {
					E0D1A9EE298A0457008BAFBD = {
						CreatedOnToolsVersion = 14.2;
					};
					E0D1AA0F298A0A74008BAFBD = {
						CreatedOnToolsVersion = 14.2;
						LastSwiftMigration = 1610;
					};
				};
			};
			buildConfigurationList = E0D1A9EA298A0457008BAFBD /* Build configuration list for PBXProject "MaxCustomSDK" */;
			compatibilityVersion = "Xcode 13.0";
			developmentRegion = en;
			hasScannedForEncodings = 0;
			knownRegions = (
				en,
				Base,
			);
			mainGroup = E0D1A9E6298A0456008BAFBD;
			productRefGroup = E0D1A9F0298A0457008BAFBD /* Products */;
			projectDirPath = "";
			projectRoot = "";
			targets = (
				E0D1A9EE298A0457008BAFBD /* MaxCustomSDK */,
				E0D1AA0F298A0A74008BAFBD /* MaxSDKAdapter */,
			);
		};
/* End PBXProject section */

/* Begin PBXResourcesBuildPhase section */
		E0D1A9ED298A0457008BAFBD /* Resources */ = {
			isa = PBXResourcesBuildPhase;
			buildActionMask = 2147483647;
			files = (
				E0D1AA02298A045B008BAFBD /* LaunchScreen.storyboard in Resources */,
				E0D1A9FF298A045B008BAFBD /* Assets.xcassets in Resources */,
				E0D1A9FD298A0457008BAFBD /* Main.storyboard in Resources */,
			);
			runOnlyForDeploymentPostprocessing = 0;
		};
		E0D1AA0E298A0A74008BAFBD /* Resources */ = {
			isa = PBXResourcesBuildPhase;
			buildActionMask = 2147483647;
			files = (
			);
			runOnlyForDeploymentPostprocessing = 0;
		};
/* End PBXResourcesBuildPhase section */

/* Begin PBXSourcesBuildPhase section */
		E0D1A9EB298A0457008BAFBD /* Sources */ = {
			isa = PBXSourcesBuildPhase;
			buildActionMask = 2147483647;
			files = (
				E0D1A9FA298A0457008BAFBD /* ViewController.m in Sources */,
				E0D1A9F4298A0457008BAFBD /* AppDelegate.m in Sources */,
				E0D1AA05298A045B008BAFBD /* main.m in Sources */,
				E0D1A9F7298A0457008BAFBD /* SceneDelegate.m in Sources */,
				CA3A6B542EBD9AFD002E1A80 /* AlexMaxBannerCustomEvent.m in Sources */,
				CA3A6B552EBD9AFD002E1A80 /* AlexMaxRewardedVideoAdapter.m in Sources */,
				CA3A6B562EBD9AFD002E1A80 /* AlexMaxNativeCustomEvent.m in Sources */,
				CA3A6B572EBD9AFD002E1A80 /* AlexMaxBiddingRequest.m in Sources */,
				CA3A6B582EBD9AFD002E1A80 /* AlexMaxInterstitialAdapter.m in Sources */,
				CA3A6B592EBD9AFD002E1A80 /* AlexMaxRewardedVideoCustomEvent.m in Sources */,
				CA3A6B5A2EBD9AFD002E1A80 /* AlexMAXNetworkC2STool.m in Sources */,
				CA3A6B5B2EBD9AFD002E1A80 /* AlexMaxNativeRenderer.m in Sources */,
				CA3A6B5C2EBD9AFD002E1A80 /* AlexMaxMixAdParameterModel.m in Sources */,
				CA3A6B5D2EBD9AFD002E1A80 /* AlexMaxBannerAdapter.m in Sources */,
				CA3A6B5E2EBD9AFD002E1A80 /* AlexMaxNativeLoader.m in Sources */,
				CA3A6B5F2EBD9AFD002E1A80 /* AlexMaxSafeThreadArray.m in Sources */,
				CA3A6B602EBD9AFD002E1A80 /* AlexMaxInterstitialCustomEvent.m in Sources */,
				CA3A6B612EBD9AFD002E1A80 /* AlexMaxSplashAdapter.m in Sources */,
				CA3A6B622EBD9AFD002E1A80 /* AlexMaxBaseManager.m in Sources */,
				CA3A6B632EBD9AFD002E1A80 /* AlexMaxNativeDelegate.m in Sources */,
				CA3A6B642EBD9AFD002E1A80 /* AlexMaxC2SBiddingRequestManager.m in Sources */,
				CA3A6B652EBD9AFD002E1A80 /* AlexMaxSplashCustomEvent.m in Sources */,
				CA3A6B662EBD9AFD002E1A80 /* AlexMaxTools.m in Sources */,
				CA3A6B672EBD9AFD002E1A80 /* AlexMaxNativeAdapter.m in Sources */,
			);
			runOnlyForDeploymentPostprocessing = 0;
		};
		E0D1AA0C298A0A74008BAFBD /* Sources */ = {
			isa = PBXSourcesBuildPhase;
			buildActionMask = 2147483647;
			files = (
				CA3A6B682EBD9AFD002E1A80 /* AlexMaxBannerCustomEvent.m in Sources */,
				CA3A6B692EBD9AFD002E1A80 /* AlexMaxRewardedVideoAdapter.m in Sources */,
				CA3A6B6A2EBD9AFD002E1A80 /* AlexMaxNativeCustomEvent.m in Sources */,
				CA3A6B6B2EBD9AFD002E1A80 /* AlexMaxBiddingRequest.m in Sources */,
				CA3A6B6C2EBD9AFD002E1A80 /* AlexMaxInterstitialAdapter.m in Sources */,
				CA3A6B6D2EBD9AFD002E1A80 /* AlexMaxRewardedVideoCustomEvent.m in Sources */,
				CA3A6B6E2EBD9AFD002E1A80 /* AlexMAXNetworkC2STool.m in Sources */,
				CA3A6B6F2EBD9AFD002E1A80 /* AlexMaxNativeRenderer.m in Sources */,
				CA3A6B702EBD9AFD002E1A80 /* AlexMaxMixAdParameterModel.m in Sources */,
				CA3A6B712EBD9AFD002E1A80 /* AlexMaxBannerAdapter.m in Sources */,
				CA3A6B722EBD9AFD002E1A80 /* AlexMaxNativeLoader.m in Sources */,
				CA3A6B732EBD9AFD002E1A80 /* AlexMaxSafeThreadArray.m in Sources */,
				CA3A6B742EBD9AFD002E1A80 /* AlexMaxInterstitialCustomEvent.m in Sources */,
				CA3A6B752EBD9AFD002E1A80 /* AlexMaxSplashAdapter.m in Sources */,
				CA3A6B762EBD9AFD002E1A80 /* AlexMaxBaseManager.m in Sources */,
				CA3A6B772EBD9AFD002E1A80 /* AlexMaxNativeDelegate.m in Sources */,
				CA3A6B782EBD9AFD002E1A80 /* AlexMaxC2SBiddingRequestManager.m in Sources */,
				CA3A6B792EBD9AFD002E1A80 /* AlexMaxSplashCustomEvent.m in Sources */,
				CA3A6B7A2EBD9AFD002E1A80 /* AlexMaxTools.m in Sources */,
				CA3A6B7B2EBD9AFD002E1A80 /* AlexMaxNativeAdapter.m in Sources */,
			);
			runOnlyForDeploymentPostprocessing = 0;
		};
/* End PBXSourcesBuildPhase section */

/* Begin PBXTargetDependency section */
		CA068C6D2CEDC54A0002E71E /* PBXTargetDependency */ = {
			isa = PBXTargetDependency;
			target = E0D1AA0F298A0A74008BAFBD /* MaxSDKAdapter */;
			targetProxy = CA068C6C2CEDC54A0002E71E /* PBXContainerItemProxy */;
		};
/* End PBXTargetDependency section */

/* Begin PBXVariantGroup section */
		E0D1A9FB298A0457008BAFBD /* Main.storyboard */ = {
			isa = PBXVariantGroup;
			children = (
				E0D1A9FC298A0457008BAFBD /* Base */,
			);
			name = Main.storyboard;
			sourceTree = "<group>";
		};
		E0D1AA00298A045B008BAFBD /* LaunchScreen.storyboard */ = {
			isa = PBXVariantGroup;
			children = (
				E0D1AA01298A045B008BAFBD /* Base */,
			);
			name = LaunchScreen.storyboard;
			sourceTree = "<group>";
		};
/* End PBXVariantGroup section */

/* Begin XCBuildConfiguration section */
		E0D1AA06298A045B008BAFBD /* Debug */ = {
			isa = XCBuildConfiguration;
			buildSettings = {
				ALWAYS_SEARCH_USER_PATHS = NO;
				CLANG_ANALYZER_NONNULL = YES;
				CLANG_ANALYZER_NUMBER_OBJECT_CONVERSION = YES_AGGRESSIVE;
				CLANG_CXX_LANGUAGE_STANDARD = "gnu++20";
				CLANG_ENABLE_MODULES = YES;
				CLANG_ENABLE_OBJC_ARC = YES;
				CLANG_ENABLE_OBJC_WEAK = YES;
				CLANG_WARN_BLOCK_CAPTURE_AUTORELEASING = YES;
				CLANG_WARN_BOOL_CONVERSION = YES;
				CLANG_WARN_COMMA = YES;
				CLANG_WARN_CONSTANT_CONVERSION = YES;
				CLANG_WARN_DEPRECATED_OBJC_IMPLEMENTATIONS = YES;
				CLANG_WARN_DIRECT_OBJC_ISA_USAGE = YES_ERROR;
				CLANG_WARN_DOCUMENTATION_COMMENTS = YES;
				CLANG_WARN_EMPTY_BODY = YES;
				CLANG_WARN_ENUM_CONVERSION = YES;
				CLANG_WARN_INFINITE_RECURSION = YES;
				CLANG_WARN_INT_CONVERSION = YES;
				CLANG_WARN_NON_LITERAL_NULL_CONVERSION = YES;
				CLANG_WARN_OBJC_IMPLICIT_RETAIN_SELF = YES;
				CLANG_WARN_OBJC_LITERAL_CONVERSION = YES;
				CLANG_WARN_OBJC_ROOT_CLASS = YES_ERROR;
				CLANG_WARN_QUOTED_INCLUDE_IN_FRAMEWORK_HEADER = YES;
				CLANG_WARN_RANGE_LOOP_ANALYSIS = YES;
				CLANG_WARN_STRICT_PROTOTYPES = YES;
				CLANG_WARN_SUSPICIOUS_MOVE = YES;
				CLANG_WARN_UNGUARDED_AVAILABILITY = YES_AGGRESSIVE;
				CLANG_WARN_UNREACHABLE_CODE = YES;
				CLANG_WARN__DUPLICATE_METHOD_MATCH = YES;
				COPY_PHASE_STRIP = NO;
				DEBUG_INFORMATION_FORMAT = dwarf;
				ENABLE_STRICT_OBJC_MSGSEND = YES;
				ENABLE_TESTABILITY = YES;
				GCC_C_LANGUAGE_STANDARD = gnu11;
				GCC_DYNAMIC_NO_PIC = NO;
				GCC_NO_COMMON_BLOCKS = YES;
				GCC_OPTIMIZATION_LEVEL = 0;
				GCC_PREPROCESSOR_DEFINITIONS = (
					"DEBUG=1",
					"$(inherited)",
				);
				GCC_WARN_64_TO_32_BIT_CONVERSION = YES;
				GCC_WARN_ABOUT_RETURN_TYPE = YES_ERROR;
				GCC_WARN_UNDECLARED_SELECTOR = YES;
				GCC_WARN_UNINITIALIZED_AUTOS = YES_AGGRESSIVE;
				GCC_WARN_UNUSED_FUNCTION = YES;
				GCC_WARN_UNUSED_VARIABLE = YES;
				IPHONEOS_DEPLOYMENT_TARGET = 11.0;
				MTL_ENABLE_DEBUG_INFO = INCLUDE_SOURCE;
				MTL_FAST_MATH = YES;
				ONLY_ACTIVE_ARCH = YES;
				SDKROOT = iphoneos;
			};
			name = Debug;
		};
		E0D1AA07298A045B008BAFBD /* Release */ = {
			isa = XCBuildConfiguration;
			buildSettings = {
				ALWAYS_SEARCH_USER_PATHS = NO;
				CLANG_ANALYZER_NONNULL = YES;
				CLANG_ANALYZER_NUMBER_OBJECT_CONVERSION = YES_AGGRESSIVE;
				CLANG_CXX_LANGUAGE_STANDARD = "gnu++20";
				CLANG_ENABLE_MODULES = YES;
				CLANG_ENABLE_OBJC_ARC = YES;
				CLANG_ENABLE_OBJC_WEAK = YES;
				CLANG_WARN_BLOCK_CAPTURE_AUTORELEASING = YES;
				CLANG_WARN_BOOL_CONVERSION = YES;
				CLANG_WARN_COMMA = YES;
				CLANG_WARN_CONSTANT_CONVERSION = YES;
				CLANG_WARN_DEPRECATED_OBJC_IMPLEMENTATIONS = YES;
				CLANG_WARN_DIRECT_OBJC_ISA_USAGE = YES_ERROR;
				CLANG_WARN_DOCUMENTATION_COMMENTS = YES;
				CLANG_WARN_EMPTY_BODY = YES;
				CLANG_WARN_ENUM_CONVERSION = YES;
				CLANG_WARN_INFINITE_RECURSION = YES;
				CLANG_WARN_INT_CONVERSION = YES;
				CLANG_WARN_NON_LITERAL_NULL_CONVERSION = YES;
				CLANG_WARN_OBJC_IMPLICIT_RETAIN_SELF = YES;
				CLANG_WARN_OBJC_LITERAL_CONVERSION = YES;
				CLANG_WARN_OBJC_ROOT_CLASS = YES_ERROR;
				CLANG_WARN_QUOTED_INCLUDE_IN_FRAMEWORK_HEADER = YES;
				CLANG_WARN_RANGE_LOOP_ANALYSIS = YES;
				CLANG_WARN_STRICT_PROTOTYPES = YES;
				CLANG_WARN_SUSPICIOUS_MOVE = YES;
				CLANG_WARN_UNGUARDED_AVAILABILITY = YES_AGGRESSIVE;
				CLANG_WARN_UNREACHABLE_CODE = YES;
				CLANG_WARN__DUPLICATE_METHOD_MATCH = YES;
				COPY_PHASE_STRIP = NO;
				DEBUG_INFORMATION_FORMAT = "dwarf-with-dsym";
				ENABLE_NS_ASSERTIONS = NO;
				ENABLE_STRICT_OBJC_MSGSEND = YES;
				GCC_C_LANGUAGE_STANDARD = gnu11;
				GCC_NO_COMMON_BLOCKS = YES;
				GCC_WARN_64_TO_32_BIT_CONVERSION = YES;
				GCC_WARN_ABOUT_RETURN_TYPE = YES_ERROR;
				GCC_WARN_UNDECLARED_SELECTOR = YES;
				GCC_WARN_UNINITIALIZED_AUTOS = YES_AGGRESSIVE;
				GCC_WARN_UNUSED_FUNCTION = YES;
				GCC_WARN_UNUSED_VARIABLE = YES;
				IPHONEOS_DEPLOYMENT_TARGET = 11.0;
				MTL_ENABLE_DEBUG_INFO = NO;
				MTL_FAST_MATH = YES;
				SDKROOT = iphoneos;
				VALIDATE_PRODUCT = YES;
			};
			name = Release;
		};
		E0D1AA09298A045B008BAFBD /* Debug */ = {
			isa = XCBuildConfiguration;
			buildSettings = {
				ASSETCATALOG_COMPILER_APPICON_NAME = AppIcon;
				ASSETCATALOG_COMPILER_GLOBAL_ACCENT_COLOR_NAME = AccentColor;
				CODE_SIGN_STYLE = Automatic;
				CURRENT_PROJECT_VERSION = 1;
				DEVELOPMENT_TEAM = 6YXYV74FF7;
				GENERATE_INFOPLIST_FILE = YES;
				INFOPLIST_FILE = MaxCustomSDK/Info.plist;
				INFOPLIST_KEY_UIApplicationSupportsIndirectInputEvents = YES;
				INFOPLIST_KEY_UILaunchStoryboardName = LaunchScreen;
				INFOPLIST_KEY_UIMainStoryboardFile = Main;
				INFOPLIST_KEY_UISupportedInterfaceOrientations_iPad = "UIInterfaceOrientationPortrait UIInterfaceOrientationPortraitUpsideDown UIInterfaceOrientationLandscapeLeft UIInterfaceOrientationLandscapeRight";
				INFOPLIST_KEY_UISupportedInterfaceOrientations_iPhone = "UIInterfaceOrientationPortrait UIInterfaceOrientationLandscapeLeft UIInterfaceOrientationLandscapeRight";
				IPHONEOS_DEPLOYMENT_TARGET = 11.0;
				LD_RUNPATH_SEARCH_PATHS = (
					"$(inherited)",
					"@executable_path/Frameworks",
				);
				MARKETING_VERSION = 1.0;
				PRODUCT_BUNDLE_IDENTIFIER = com.abc.www.MaxCustomSDK;
				PRODUCT_NAME = "$(TARGET_NAME)";
				SWIFT_EMIT_LOC_STRINGS = YES;
				TARGETED_DEVICE_FAMILY = "1,2";
			};
			name = Debug;
		};
		E0D1AA0A298A045B008BAFBD /* Release */ = {
			isa = XCBuildConfiguration;
			buildSettings = {
				ASSETCATALOG_COMPILER_APPICON_NAME = AppIcon;
				ASSETCATALOG_COMPILER_GLOBAL_ACCENT_COLOR_NAME = AccentColor;
				CODE_SIGN_STYLE = Automatic;
				CURRENT_PROJECT_VERSION = 1;
				DEVELOPMENT_TEAM = 6YXYV74FF7;
				GENERATE_INFOPLIST_FILE = YES;
				INFOPLIST_FILE = MaxCustomSDK/Info.plist;
				INFOPLIST_KEY_UIApplicationSupportsIndirectInputEvents = YES;
				INFOPLIST_KEY_UILaunchStoryboardName = LaunchScreen;
				INFOPLIST_KEY_UIMainStoryboardFile = Main;
				INFOPLIST_KEY_UISupportedInterfaceOrientations_iPad = "UIInterfaceOrientationPortrait UIInterfaceOrientationPortraitUpsideDown UIInterfaceOrientationLandscapeLeft UIInterfaceOrientationLandscapeRight";
				INFOPLIST_KEY_UISupportedInterfaceOrientations_iPhone = "UIInterfaceOrientationPortrait UIInterfaceOrientationLandscapeLeft UIInterfaceOrientationLandscapeRight";
				IPHONEOS_DEPLOYMENT_TARGET = 11.0;
				LD_RUNPATH_SEARCH_PATHS = (
					"$(inherited)",
					"@executable_path/Frameworks",
				);
				MARKETING_VERSION = 1.0;
				PRODUCT_BUNDLE_IDENTIFIER = com.abc.www.MaxCustomSDK;
				PRODUCT_NAME = "$(TARGET_NAME)";
				SWIFT_EMIT_LOC_STRINGS = YES;
				TARGETED_DEVICE_FAMILY = "1,2";
			};
			name = Release;
		};
		E0D1AA19298A0A74008BAFBD /* Debug */ = {
			isa = XCBuildConfiguration;
			buildSettings = {
				CLANG_ENABLE_MODULES = YES;
				CODE_SIGN_IDENTITY = "Apple Development";
				CODE_SIGN_STYLE = Manual;
				CURRENT_PROJECT_VERSION = 1;
				DEFINES_MODULE = YES;
				DEVELOPMENT_TEAM = "";
				DYLIB_COMPATIBILITY_VERSION = 1;
				DYLIB_CURRENT_VERSION = 1;
				DYLIB_INSTALL_NAME_BASE = "@rpath";
				GENERATE_INFOPLIST_FILE = YES;
				INFOPLIST_KEY_NSHumanReadableCopyright = "";
				INSTALL_PATH = "$(LOCAL_LIBRARY_DIR)/Frameworks";
				IPHONEOS_DEPLOYMENT_TARGET = 10.0;
				LD_RUNPATH_SEARCH_PATHS = (
					"$(inherited)",
					"@executable_path/Frameworks",
					"@loader_path/Frameworks",
				);
				MACH_O_TYPE = staticlib;
				MARKETING_VERSION = 1.0;
				PRODUCT_BUNDLE_IDENTIFIER = com.abc.www.MaxSDKAdapter;
				PRODUCT_NAME = "$(TARGET_NAME:c99extidentifier)";
				PROVISIONING_PROFILE_SPECIFIER = "";
				SKIP_INSTALL = YES;
				SWIFT_EMIT_LOC_STRINGS = YES;
				SWIFT_OPTIMIZATION_LEVEL = "-Onone";
				SWIFT_VERSION = 6.0;
				TARGETED_DEVICE_FAMILY = "1,2";
				VERSIONING_SYSTEM = "apple-generic";
				VERSION_INFO_PREFIX = "";
			};
			name = Debug;
		};
		E0D1AA1A298A0A74008BAFBD /* Release */ = {
			isa = XCBuildConfiguration;
			buildSettings = {
				CLANG_ENABLE_MODULES = YES;
				CODE_SIGN_IDENTITY = "Apple Development";
				CODE_SIGN_STYLE = Manual;
				CURRENT_PROJECT_VERSION = 1;
				DEFINES_MODULE = YES;
				DEVELOPMENT_TEAM = "";
				DYLIB_COMPATIBILITY_VERSION = 1;
				DYLIB_CURRENT_VERSION = 1;
				DYLIB_INSTALL_NAME_BASE = "@rpath";
				GENERATE_INFOPLIST_FILE = YES;
				INFOPLIST_KEY_NSHumanReadableCopyright = "";
				INSTALL_PATH = "$(LOCAL_LIBRARY_DIR)/Frameworks";
				IPHONEOS_DEPLOYMENT_TARGET = 10.0;
				LD_RUNPATH_SEARCH_PATHS = (
					"$(inherited)",
					"@executable_path/Frameworks",
					"@loader_path/Frameworks",
				);
				MACH_O_TYPE = staticlib;
				MARKETING_VERSION = 1.0;
				PRODUCT_BUNDLE_IDENTIFIER = com.abc.www.MaxSDKAdapter;
				PRODUCT_NAME = "$(TARGET_NAME:c99extidentifier)";
				PROVISIONING_PROFILE_SPECIFIER = "";
				SKIP_INSTALL = YES;
				SWIFT_EMIT_LOC_STRINGS = YES;
				SWIFT_VERSION = 6.0;
				TARGETED_DEVICE_FAMILY = "1,2";
				VERSIONING_SYSTEM = "apple-generic";
				VERSION_INFO_PREFIX = "";
			};
			name = Release;
		};
/* End XCBuildConfiguration section */

/* Begin XCConfigurationList section */
		E0D1A9EA298A0457008BAFBD /* Build configuration list for PBXProject "MaxCustomSDK" */ = {
			isa = XCConfigurationList;
			buildConfigurations = (
				E0D1AA06298A045B008BAFBD /* Debug */,
				E0D1AA07298A045B008BAFBD /* Release */,
			);
			defaultConfigurationIsVisible = 0;
			defaultConfigurationName = Release;
		};
		E0D1AA08298A045B008BAFBD /* Build configuration list for PBXNativeTarget "MaxCustomSDK" */ = {
			isa = XCConfigurationList;
			buildConfigurations = (
				E0D1AA09298A045B008BAFBD /* Debug */,
				E0D1AA0A298A045B008BAFBD /* Release */,
			);
			defaultConfigurationIsVisible = 0;
			defaultConfigurationName = Release;
		};
		E0D1AA18298A0A74008BAFBD /* Build configuration list for PBXNativeTarget "MaxSDKAdapter" */ = {
			isa = XCConfigurationList;
			buildConfigurations = (
				E0D1AA19298A0A74008BAFBD /* Debug */,
				E0D1AA1A298A0A74008BAFBD /* Release */,
			);
			defaultConfigurationIsVisible = 0;
			defaultConfigurationName = Release;
		};
/* End XCConfigurationList section */
	};
	rootObject = E0D1A9E7298A0457008BAFBD /* Project object */;
}
